
Microsoft Visual Studio Solution File, Format Version 12.00
# Visual Studio Version 16
VisualStudioVersion = 16.0.29306.81
MinimumVisualStudioVersion = 10.0.40219.1
Project("{FAE04EC0-301F-11D3-BF4B-00C04F79EFBC}") = "JWTCore", "JWTCore\JWTCore.csproj", "{F3F40D05-3449-48A3-8747-D891D158B0E8}"
EndProject
Global
	GlobalSection(SolutionConfigurationPlatforms) = preSolution
		Debug|Any CPU = Debug|Any CPU
		Release|Any CPU = Release|Any CPU
	EndGlobalSection
	GlobalSection(ProjectConfigurationPlatforms) = postSolution
		{F3F40D05-3449-48A3-8747-D891D158B0E8}.Debug|Any CPU.ActiveCfg = Debug|Any CPU
		{F3F40D05-3449-48A3-8747-D891D158B0E8}.Debug|Any CPU.Build.0 = Debug|Any CPU
		{F3F40D05-3449-48A3-8747-D891D158B0E8}.Release|Any CPU.ActiveCfg = Release|Any CPU
		{F3F40D05-3449-48A3-8747-D891D158B0E8}.Release|Any CPU.Build.0 = Release|Any CPU
	EndGlobalSection
	GlobalSection(SolutionProperties) = preSolution
		HideSolutionNode = FALSE
	EndGlobalSection
	GlobalSection(ExtensibilityGlobals) = postSolution
		SolutionGuid = {AC10C97A-1A0F-460B-8E7D-0B66924E6867}
	EndGlobalSection
EndGlobal
